
Microsoft Visual Studio Solution File, Format Version 12.00
# Visual Studio Version 17
VisualStudioVersion = 17.9.34616.47
MinimumVisualStudioVersion = 10.0.40219.1
Project("{FAE04EC0-301F-11D3-BF4B-00C04F79EFBC}") = "TestProject", "TestProject\TestProject.csproj", "{A379EC17-424B-4835-9543-7BBA0C4E54C0}"
EndProject
Global
	GlobalSection(SolutionConfigurationPlatforms) = preSolution
		Debug|Any CPU = Debug|Any CPU
		Release|Any CPU = Release|Any CPU
	EndGlobalSection
	GlobalSection(ProjectConfigurationPlatforms) = postSolution
		{A379EC17-424B-4835-9543-7BBA0C4E54C0}.Debug|Any CPU.ActiveCfg = Debug|Any CPU
		{A379EC17-424B-4835-9543-7BBA0C4E54C0}.Debug|Any CPU.Build.0 = Debug|Any CPU
		{A379EC17-424B-4835-9543-7BBA0C4E54C0}.Release|Any CPU.ActiveCfg = Release|Any CPU
		{A379EC17-424B-4835-9543-7BBA0C4E54C0}.Release|Any CPU.Build.0 = Release|Any CPU
	EndGlobalSection
	GlobalSection(SolutionProperties) = preSolution
		HideSolutionNode = FALSE
	EndGlobalSection
	GlobalSection(ExtensibilityGlobals) = postSolution
		SolutionGuid = {2D16A1D9-D3EC-4AD1-BF4A-4377BB7F9446}
	EndGlobalSection
EndGlobal
